
Microsoft Visual Studio Solution File, Format Version 12.00
# Visual Studio Version 16
VisualStudioVersion = 16.0.33328.57
MinimumVisualStudioVersion = 10.0.40219.1
Project("{FAE04EC0-301F-11D3-BF4B-00C04F79EFBC}") = "TicTacToe", "TicTacToe\TicTacToe.csproj", "{47D77D8E-3320-4CF2-ABB5-58789A83938E}"
EndProject
Global
	GlobalSection(SolutionConfigurationPlatforms) = preSolution
		Debug|Any CPU = Debug|Any CPU
		Release|Any CPU = Release|Any CPU
	EndGlobalSection
	GlobalSection(ProjectConfigurationPlatforms) = postSolution
		{47D77D8E-3320-4CF2-ABB5-58789A83938E}.Debug|Any CPU.ActiveCfg = Debug|Any CPU
		{47D77D8E-3320-4CF2-ABB5-58789A83938E}.Debug|Any CPU.Build.0 = Debug|Any CPU
		{47D77D8E-3320-4CF2-ABB5-58789A83938E}.Release|Any CPU.ActiveCfg = Release|Any CPU
		{47D77D8E-3320-4CF2-ABB5-58789A83938E}.Release|Any CPU.Build.0 = Release|Any CPU
	EndGlobalSection
	GlobalSection(SolutionProperties) = preSolution
		HideSolutionNode = FALSE
	EndGlobalSection
	GlobalSection(ExtensibilityGlobals) = postSolution
		SolutionGuid = {3D0F1D43-AEE0-4E09-A445-DD161DB48DF6}
	EndGlobalSection
EndGlobal
